{
  "originHash" : "5e9e2c370116feb5f67c3196e12a727a13fa8a4ce831eef0abcd399a7d470131",
  "pins" : [
    {
      "identity" : "pi-ios-spm",
      "kind" : "remoteSourceControl",
      "location" : "https://github.com/Pulse-Insights/pi-ios-spm.git",
      "state" : {
        "revision" : "b1c3da0951311b8ba324f5c6e2c42acc1836b119",
        "version" : "1.0.10"
      }
    }
  ],
  "version" : 3
}
