{
  "originHash" : "59cbb807b2348d3615bb0a6b7abd5ecaaae16d3883e371d59dbc8c31ca672c77",
  "pins" : [
    {
      "identity" : "pi-ios-spm",
      "kind" : "remoteSourceControl",
      "location" : "https://github.com/Pulse-Insights/pi-ios-spm.git",
      "state" : {
        "revision" : "b1c3da0951311b8ba324f5c6e2c42acc1836b119",
        "version" : "1.0.10"
      }
    }
  ],
  "version" : 3
}
